
Microsoft Visual Studio Solution File, Format Version 12.00
# Visual Studio Version 17
VisualStudioVersion = 17.11.35327.3
MinimumVisualStudioVersion = 10.0.40219.1
Project("{9A19103F-16F7-4668-BE54-9A1E7A4F7556}") = "ex01", "ex01\ex01.csproj", "{504A9FFE-2127-492C-9DB9-A87363F95142}"
EndProject
Project("{9A19103F-16F7-4668-BE54-9A1E7A4F7556}") = "ex02", "ex02\ex02.csproj", "{3A0350B0-8E72-40CB-8C01-62529C095AFA}"
EndProject
Project("{9A19103F-16F7-4668-BE54-9A1E7A4F7556}") = "ex03", "ex03\ex03.csproj", "{56852B5E-F24A-45B1-B290-76E81DC731B0}"
EndProject
Project("{9A19103F-16F7-4668-BE54-9A1E7A4F7556}") = "ex04", "ex04\ex04.csproj", "{0F76EA60-3047-40F1-8F9E-074098B3522B}"
EndProject
Project("{FAE04EC0-301F-11D3-BF4B-00C04F79EFBC}") = "ex05", "ex05\ex05.csproj", "{BF787065-479A-4760-9564-FEED9A51753D}"
EndProject
Global
	GlobalSection(SolutionConfigurationPlatforms) = preSolution
		Debug|Any CPU = Debug|Any CPU
		Release|Any CPU = Release|Any CPU
	EndGlobalSection
	GlobalSection(ProjectConfigurationPlatforms) = postSolution
		{504A9FFE-2127-492C-9DB9-A87363F95142}.Debug|Any CPU.ActiveCfg = Debug|Any CPU
		{504A9FFE-2127-492C-9DB9-A87363F95142}.Debug|Any CPU.Build.0 = Debug|Any CPU
		{504A9FFE-2127-492C-9DB9-A87363F95142}.Release|Any CPU.ActiveCfg = Release|Any CPU
		{504A9FFE-2127-492C-9DB9-A87363F95142}.Release|Any CPU.Build.0 = Release|Any CPU
		{3A0350B0-8E72-40CB-8C01-62529C095AFA}.Debug|Any CPU.ActiveCfg = Debug|Any CPU
		{3A0350B0-8E72-40CB-8C01-62529C095AFA}.Debug|Any CPU.Build.0 = Debug|Any CPU
		{3A0350B0-8E72-40CB-8C01-62529C095AFA}.Release|Any CPU.ActiveCfg = Release|Any CPU
		{3A0350B0-8E72-40CB-8C01-62529C095AFA}.Release|Any CPU.Build.0 = Release|Any CPU
		{56852B5E-F24A-45B1-B290-76E81DC731B0}.Debug|Any CPU.ActiveCfg = Debug|Any CPU
		{56852B5E-F24A-45B1-B290-76E81DC731B0}.Debug|Any CPU.Build.0 = Debug|Any CPU
		{56852B5E-F24A-45B1-B290-76E81DC731B0}.Release|Any CPU.ActiveCfg = Release|Any CPU
		{56852B5E-F24A-45B1-B290-76E81DC731B0}.Release|Any CPU.Build.0 = Release|Any CPU
		{0F76EA60-3047-40F1-8F9E-074098B3522B}.Debug|Any CPU.ActiveCfg = Debug|Any CPU
		{0F76EA60-3047-40F1-8F9E-074098B3522B}.Debug|Any CPU.Build.0 = Debug|Any CPU
		{0F76EA60-3047-40F1-8F9E-074098B3522B}.Release|Any CPU.ActiveCfg = Release|Any CPU
		{0F76EA60-3047-40F1-8F9E-074098B3522B}.Release|Any CPU.Build.0 = Release|Any CPU
		{BF787065-479A-4760-9564-FEED9A51753D}.Debug|Any CPU.ActiveCfg = Debug|Any CPU
		{BF787065-479A-4760-9564-FEED9A51753D}.Debug|Any CPU.Build.0 = Debug|Any CPU
		{BF787065-479A-4760-9564-FEED9A51753D}.Release|Any CPU.ActiveCfg = Release|Any CPU
		{BF787065-479A-4760-9564-FEED9A51753D}.Release|Any CPU.Build.0 = Release|Any CPU
	EndGlobalSection
	GlobalSection(SolutionProperties) = preSolution
		HideSolutionNode = FALSE
	EndGlobalSection
	GlobalSection(ExtensibilityGlobals) = postSolution
		SolutionGuid = {CBE0AFFD-771B-436B-A0AF-ADE0FCF4BB85}
	EndGlobalSection
EndGlobal
