
Microsoft Visual Studio Solution File, Format Version 12.00
# Visual Studio Version 17
VisualStudioVersion = 17.11.35327.3
MinimumVisualStudioVersion = 10.0.40219.1
Project("{9A19103F-16F7-4668-BE54-9A1E7A4F7556}") = "ex01", "ex01\ex01.csproj", "{504A9FFE-2127-492C-9DB9-A87363F95142}"
EndProject
Project("{9A19103F-16F7-4668-BE54-9A1E7A4F7556}") = "ex02", "ex02\ex02.csproj", "{3A0350B0-8E72-40CB-8C01-62529C095AFA}"
EndProject
Project("{9A19103F-16F7-4668-BE54-9A1E7A4F7556}") = "ex03", "ex03\ex03.csproj", "{56852B5E-F24A-45B1-B290-76E81DC731B0}"
EndProject
Project("{9A19103F-16F7-4668-BE54-9A1E7A4F7556}") = "ex04", "ex04\ex04.csproj", "{0F76EA60-3047-40F1-8F9E-074098B3522B}"
EndProject
Project("{9A19103F-16F7-4668-BE54-9A1E7A4F7556}") = "ex05", "ex05\ex05.csproj", "{BF787065-479A-4760-9564-FEED9A51753D}"
EndProject
Project("{9A19103F-16F7-4668-BE54-9A1E7A4F7556}") = "ex06", "ex06\ex06.csproj", "{36F3E1AE-A50D-4B49-98C3-528E622A5BB5}"
EndProject
Project("{2150E333-8FDC-42A3-9474-1A3956D46DE8}") = "01_lista_de_exercicios", "01_lista_de_exercicios", "{F087E88F-E6E0-4E50-9C44-2D95CD76552D}"
EndProject
Project("{FAE04EC0-301F-11D3-BF4B-00C04F79EFBC}") = "lista_ex01", "lista_ex01\lista_ex01.csproj", "{20E6E413-894C-4683-8086-518833497FF9}"
EndProject
Project("{FAE04EC0-301F-11D3-BF4B-00C04F79EFBC}") = "lista_ex02", "lista_ex02\lista_ex02.csproj", "{DBA2BFD6-106A-47AC-99B9-5BE9113B8854}"
EndProject
Project("{FAE04EC0-301F-11D3-BF4B-00C04F79EFBC}") = "lista_ex03", "lista_ex03\lista_ex03.csproj", "{769F5A21-8DEC-46A7-855D-8117F2598B72}"
EndProject
Project("{FAE04EC0-301F-11D3-BF4B-00C04F79EFBC}") = "lista_ex04", "lista_ex04\lista_ex04.csproj", "{229B1B38-18E2-4A69-B083-4EC08A57419D}"
EndProject
Project("{FAE04EC0-301F-11D3-BF4B-00C04F79EFBC}") = "lista_ex05", "lista_ex05\lista_ex05.csproj", "{8072502E-BFC9-4483-A7BC-C653E5BB6FB7}"
EndProject
Project("{FAE04EC0-301F-11D3-BF4B-00C04F79EFBC}") = "lista_ex06", "lista_ex06\lista_ex06.csproj", "{F5AAB2AC-5005-46ED-9F0A-E59BCDE24D3F}"
EndProject
Project("{FAE04EC0-301F-11D3-BF4B-00C04F79EFBC}") = "lista_ex07", "lista_ex07\lista_ex07.csproj", "{2BFEB674-1395-41C5-8A2D-131BFF3A5499}"
EndProject
Project("{FAE04EC0-301F-11D3-BF4B-00C04F79EFBC}") = "lista_ex08", "lista_ex08,\lista_ex08.csproj", "{D94A1E5E-3194-4847-8E37-5D384EEFD5B9}"
EndProject
Project("{FAE04EC0-301F-11D3-BF4B-00C04F79EFBC}") = "lista_ex09", "lista_ex09\lista_ex09.csproj", "{49466C77-E349-41C7-BFAC-75243D259EE6}"
EndProject
Project("{FAE04EC0-301F-11D3-BF4B-00C04F79EFBC}") = "lista_ex10", "lista_ex10\lista_ex10.csproj", "{D28339D2-C54D-4E31-8655-57D0932AA096}"
EndProject
Project("{2150E333-8FDC-42A3-9474-1A3956D46DE8}") = "00_exemplos_aulas", "00_exemplos_aulas", "{4A6318D4-8D9A-40C0-8192-1C0BF92063C2}"
EndProject
Global
	GlobalSection(SolutionConfigurationPlatforms) = preSolution
		Debug|Any CPU = Debug|Any CPU
		Release|Any CPU = Release|Any CPU
	EndGlobalSection
	GlobalSection(ProjectConfigurationPlatforms) = postSolution
		{504A9FFE-2127-492C-9DB9-A87363F95142}.Debug|Any CPU.ActiveCfg = Debug|Any CPU
		{504A9FFE-2127-492C-9DB9-A87363F95142}.Debug|Any CPU.Build.0 = Debug|Any CPU
		{504A9FFE-2127-492C-9DB9-A87363F95142}.Release|Any CPU.ActiveCfg = Release|Any CPU
		{504A9FFE-2127-492C-9DB9-A87363F95142}.Release|Any CPU.Build.0 = Release|Any CPU
		{3A0350B0-8E72-40CB-8C01-62529C095AFA}.Debug|Any CPU.ActiveCfg = Debug|Any CPU
		{3A0350B0-8E72-40CB-8C01-62529C095AFA}.Debug|Any CPU.Build.0 = Debug|Any CPU
		{3A0350B0-8E72-40CB-8C01-62529C095AFA}.Release|Any CPU.ActiveCfg = Release|Any CPU
		{3A0350B0-8E72-40CB-8C01-62529C095AFA}.Release|Any CPU.Build.0 = Release|Any CPU
		{56852B5E-F24A-45B1-B290-76E81DC731B0}.Debug|Any CPU.ActiveCfg = Debug|Any CPU
		{56852B5E-F24A-45B1-B290-76E81DC731B0}.Debug|Any CPU.Build.0 = Debug|Any CPU
		{56852B5E-F24A-45B1-B290-76E81DC731B0}.Release|Any CPU.ActiveCfg = Release|Any CPU
		{56852B5E-F24A-45B1-B290-76E81DC731B0}.Release|Any CPU.Build.0 = Release|Any CPU
		{0F76EA60-3047-40F1-8F9E-074098B3522B}.Debug|Any CPU.ActiveCfg = Debug|Any CPU
		{0F76EA60-3047-40F1-8F9E-074098B3522B}.Debug|Any CPU.Build.0 = Debug|Any CPU
		{0F76EA60-3047-40F1-8F9E-074098B3522B}.Release|Any CPU.ActiveCfg = Release|Any CPU
		{0F76EA60-3047-40F1-8F9E-074098B3522B}.Release|Any CPU.Build.0 = Release|Any CPU
		{BF787065-479A-4760-9564-FEED9A51753D}.Debug|Any CPU.ActiveCfg = Debug|Any CPU
		{BF787065-479A-4760-9564-FEED9A51753D}.Debug|Any CPU.Build.0 = Debug|Any CPU
		{BF787065-479A-4760-9564-FEED9A51753D}.Release|Any CPU.ActiveCfg = Release|Any CPU
		{BF787065-479A-4760-9564-FEED9A51753D}.Release|Any CPU.Build.0 = Release|Any CPU
		{36F3E1AE-A50D-4B49-98C3-528E622A5BB5}.Debug|Any CPU.ActiveCfg = Debug|Any CPU
		{36F3E1AE-A50D-4B49-98C3-528E622A5BB5}.Debug|Any CPU.Build.0 = Debug|Any CPU
		{36F3E1AE-A50D-4B49-98C3-528E622A5BB5}.Release|Any CPU.ActiveCfg = Release|Any CPU
		{36F3E1AE-A50D-4B49-98C3-528E622A5BB5}.Release|Any CPU.Build.0 = Release|Any CPU
		{20E6E413-894C-4683-8086-518833497FF9}.Debug|Any CPU.ActiveCfg = Debug|Any CPU
		{20E6E413-894C-4683-8086-518833497FF9}.Debug|Any CPU.Build.0 = Debug|Any CPU
		{20E6E413-894C-4683-8086-518833497FF9}.Release|Any CPU.ActiveCfg = Release|Any CPU
		{20E6E413-894C-4683-8086-518833497FF9}.Release|Any CPU.Build.0 = Release|Any CPU
		{DBA2BFD6-106A-47AC-99B9-5BE9113B8854}.Debug|Any CPU.ActiveCfg = Debug|Any CPU
		{DBA2BFD6-106A-47AC-99B9-5BE9113B8854}.Debug|Any CPU.Build.0 = Debug|Any CPU
		{DBA2BFD6-106A-47AC-99B9-5BE9113B8854}.Release|Any CPU.ActiveCfg = Release|Any CPU
		{DBA2BFD6-106A-47AC-99B9-5BE9113B8854}.Release|Any CPU.Build.0 = Release|Any CPU
		{769F5A21-8DEC-46A7-855D-8117F2598B72}.Debug|Any CPU.ActiveCfg = Debug|Any CPU
		{769F5A21-8DEC-46A7-855D-8117F2598B72}.Debug|Any CPU.Build.0 = Debug|Any CPU
		{769F5A21-8DEC-46A7-855D-8117F2598B72}.Release|Any CPU.ActiveCfg = Release|Any CPU
		{769F5A21-8DEC-46A7-855D-8117F2598B72}.Release|Any CPU.Build.0 = Release|Any CPU
		{229B1B38-18E2-4A69-B083-4EC08A57419D}.Debug|Any CPU.ActiveCfg = Debug|Any CPU
		{229B1B38-18E2-4A69-B083-4EC08A57419D}.Debug|Any CPU.Build.0 = Debug|Any CPU
		{229B1B38-18E2-4A69-B083-4EC08A57419D}.Release|Any CPU.ActiveCfg = Release|Any CPU
		{229B1B38-18E2-4A69-B083-4EC08A57419D}.Release|Any CPU.Build.0 = Release|Any CPU
		{8072502E-BFC9-4483-A7BC-C653E5BB6FB7}.Debug|Any CPU.ActiveCfg = Debug|Any CPU
		{8072502E-BFC9-4483-A7BC-C653E5BB6FB7}.Debug|Any CPU.Build.0 = Debug|Any CPU
		{8072502E-BFC9-4483-A7BC-C653E5BB6FB7}.Release|Any CPU.ActiveCfg = Release|Any CPU
		{8072502E-BFC9-4483-A7BC-C653E5BB6FB7}.Release|Any CPU.Build.0 = Release|Any CPU
		{F5AAB2AC-5005-46ED-9F0A-E59BCDE24D3F}.Debug|Any CPU.ActiveCfg = Debug|Any CPU
		{F5AAB2AC-5005-46ED-9F0A-E59BCDE24D3F}.Debug|Any CPU.Build.0 = Debug|Any CPU
		{F5AAB2AC-5005-46ED-9F0A-E59BCDE24D3F}.Release|Any CPU.ActiveCfg = Release|Any CPU
		{F5AAB2AC-5005-46ED-9F0A-E59BCDE24D3F}.Release|Any CPU.Build.0 = Release|Any CPU
		{2BFEB674-1395-41C5-8A2D-131BFF3A5499}.Debug|Any CPU.ActiveCfg = Debug|Any CPU
		{2BFEB674-1395-41C5-8A2D-131BFF3A5499}.Debug|Any CPU.Build.0 = Debug|Any CPU
		{2BFEB674-1395-41C5-8A2D-131BFF3A5499}.Release|Any CPU.ActiveCfg = Release|Any CPU
		{2BFEB674-1395-41C5-8A2D-131BFF3A5499}.Release|Any CPU.Build.0 = Release|Any CPU
		{D94A1E5E-3194-4847-8E37-5D384EEFD5B9}.Debug|Any CPU.ActiveCfg = Debug|Any CPU
		{D94A1E5E-3194-4847-8E37-5D384EEFD5B9}.Debug|Any CPU.Build.0 = Debug|Any CPU
		{D94A1E5E-3194-4847-8E37-5D384EEFD5B9}.Release|Any CPU.ActiveCfg = Release|Any CPU
		{D94A1E5E-3194-4847-8E37-5D384EEFD5B9}.Release|Any CPU.Build.0 = Release|Any CPU
		{49466C77-E349-41C7-BFAC-75243D259EE6}.Debug|Any CPU.ActiveCfg = Debug|Any CPU
		{49466C77-E349-41C7-BFAC-75243D259EE6}.Debug|Any CPU.Build.0 = Debug|Any CPU
		{49466C77-E349-41C7-BFAC-75243D259EE6}.Release|Any CPU.ActiveCfg = Release|Any CPU
		{49466C77-E349-41C7-BFAC-75243D259EE6}.Release|Any CPU.Build.0 = Release|Any CPU
		{D28339D2-C54D-4E31-8655-57D0932AA096}.Debug|Any CPU.ActiveCfg = Debug|Any CPU
		{D28339D2-C54D-4E31-8655-57D0932AA096}.Debug|Any CPU.Build.0 = Debug|Any CPU
		{D28339D2-C54D-4E31-8655-57D0932AA096}.Release|Any CPU.ActiveCfg = Release|Any CPU
		{D28339D2-C54D-4E31-8655-57D0932AA096}.Release|Any CPU.Build.0 = Release|Any CPU
	EndGlobalSection
	GlobalSection(SolutionProperties) = preSolution
		HideSolutionNode = FALSE
	EndGlobalSection
	GlobalSection(NestedProjects) = preSolution
		{504A9FFE-2127-492C-9DB9-A87363F95142} = {4A6318D4-8D9A-40C0-8192-1C0BF92063C2}
		{3A0350B0-8E72-40CB-8C01-62529C095AFA} = {4A6318D4-8D9A-40C0-8192-1C0BF92063C2}
		{56852B5E-F24A-45B1-B290-76E81DC731B0} = {4A6318D4-8D9A-40C0-8192-1C0BF92063C2}
		{0F76EA60-3047-40F1-8F9E-074098B3522B} = {4A6318D4-8D9A-40C0-8192-1C0BF92063C2}
		{BF787065-479A-4760-9564-FEED9A51753D} = {4A6318D4-8D9A-40C0-8192-1C0BF92063C2}
		{36F3E1AE-A50D-4B49-98C3-528E622A5BB5} = {4A6318D4-8D9A-40C0-8192-1C0BF92063C2}
		{20E6E413-894C-4683-8086-518833497FF9} = {F087E88F-E6E0-4E50-9C44-2D95CD76552D}
		{DBA2BFD6-106A-47AC-99B9-5BE9113B8854} = {F087E88F-E6E0-4E50-9C44-2D95CD76552D}
		{769F5A21-8DEC-46A7-855D-8117F2598B72} = {F087E88F-E6E0-4E50-9C44-2D95CD76552D}
		{229B1B38-18E2-4A69-B083-4EC08A57419D} = {F087E88F-E6E0-4E50-9C44-2D95CD76552D}
		{8072502E-BFC9-4483-A7BC-C653E5BB6FB7} = {F087E88F-E6E0-4E50-9C44-2D95CD76552D}
		{F5AAB2AC-5005-46ED-9F0A-E59BCDE24D3F} = {F087E88F-E6E0-4E50-9C44-2D95CD76552D}
		{2BFEB674-1395-41C5-8A2D-131BFF3A5499} = {F087E88F-E6E0-4E50-9C44-2D95CD76552D}
		{D94A1E5E-3194-4847-8E37-5D384EEFD5B9} = {F087E88F-E6E0-4E50-9C44-2D95CD76552D}
		{49466C77-E349-41C7-BFAC-75243D259EE6} = {F087E88F-E6E0-4E50-9C44-2D95CD76552D}
		{D28339D2-C54D-4E31-8655-57D0932AA096} = {F087E88F-E6E0-4E50-9C44-2D95CD76552D}
	EndGlobalSection
	GlobalSection(ExtensibilityGlobals) = postSolution
		SolutionGuid = {CBE0AFFD-771B-436B-A0AF-ADE0FCF4BB85}
	EndGlobalSection
EndGlobal
